
Microsoft Visual Studio Solution File, Format Version 12.00
# Visual Studio Version 17
VisualStudioVersion = 17.8.34330.188
MinimumVisualStudioVersion = 10.0.40219.1
Project("{2150E333-8FDC-42A3-9474-1A3956D46DE8}") = "FrontEnd", "FrontEnd", "{00B11F61-25C0-43B7-A791-30863C71DCC3}"
EndProject
Project("{2150E333-8FDC-42A3-9474-1A3956D46DE8}") = "Gateway", "Gateway", "{4B8FCE24-9B0C-4DEC-ADDC-1A2709EDD07A}"
EndProject
Project("{2150E333-8FDC-42A3-9474-1A3956D46DE8}") = "Integration", "Integration", "{9EF981B1-6E86-484F-9F77-15F89288A83A}"
EndProject
Project("{2150E333-8FDC-42A3-9474-1A3956D46DE8}") = "Services", "Services", "{874EC205-CDB6-4592-B4FD-5FA2A17A7DCD}"
EndProject
Project("{9A19103F-16F7-4668-BE54-9A1E7A4F7556}") = "Mango.Services.CouponAPI", "Mango.Services.CouponAPI\Mango.Services.CouponAPI.csproj", "{B800CD0D-D8A9-4148-9CB0-935BD2C1112B}"
EndProject
Project("{9A19103F-16F7-4668-BE54-9A1E7A4F7556}") = "Mango.Web", "Mango.Web\Mango.Web.csproj", "{E9C50036-0519-49AC-84D2-E2E3382F8926}"
EndProject
Project("{9A19103F-16F7-4668-BE54-9A1E7A4F7556}") = "Mango.Services.AuthAPI", "Mango.Services.AuthAPI\Mango.Services.AuthAPI.csproj", "{45721825-3917-4FD0-B10A-FF35EB41E110}"
EndProject
Project("{9A19103F-16F7-4668-BE54-9A1E7A4F7556}") = "Mango.Services.ProductAPI", "Mango.Services.ProductAPI\Mango.Services.ProductAPI.csproj", "{051E64DC-0EE9-4A05-B870-CDE029918E2D}"
EndProject
Project("{FAE04EC0-301F-11D3-BF4B-00C04F79EFBC}") = "Mango.Services.ShoppingCartAPI", "Mango.Services.ShoppingCartAPI\Mango.Services.ShoppingCartAPI.csproj", "{11FAD178-87D0-4DF3-BA32-AE4247CB7E90}"
EndProject
Global
	GlobalSection(SolutionConfigurationPlatforms) = preSolution
		Debug|Any CPU = Debug|Any CPU
		Release|Any CPU = Release|Any CPU
	EndGlobalSection
	GlobalSection(ProjectConfigurationPlatforms) = postSolution
		{B800CD0D-D8A9-4148-9CB0-935BD2C1112B}.Debug|Any CPU.ActiveCfg = Debug|Any CPU
		{B800CD0D-D8A9-4148-9CB0-935BD2C1112B}.Debug|Any CPU.Build.0 = Debug|Any CPU
		{B800CD0D-D8A9-4148-9CB0-935BD2C1112B}.Release|Any CPU.ActiveCfg = Release|Any CPU
		{B800CD0D-D8A9-4148-9CB0-935BD2C1112B}.Release|Any CPU.Build.0 = Release|Any CPU
		{E9C50036-0519-49AC-84D2-E2E3382F8926}.Debug|Any CPU.ActiveCfg = Debug|Any CPU
		{E9C50036-0519-49AC-84D2-E2E3382F8926}.Debug|Any CPU.Build.0 = Debug|Any CPU
		{E9C50036-0519-49AC-84D2-E2E3382F8926}.Release|Any CPU.ActiveCfg = Release|Any CPU
		{E9C50036-0519-49AC-84D2-E2E3382F8926}.Release|Any CPU.Build.0 = Release|Any CPU
		{45721825-3917-4FD0-B10A-FF35EB41E110}.Debug|Any CPU.ActiveCfg = Debug|Any CPU
		{45721825-3917-4FD0-B10A-FF35EB41E110}.Debug|Any CPU.Build.0 = Debug|Any CPU
		{45721825-3917-4FD0-B10A-FF35EB41E110}.Release|Any CPU.ActiveCfg = Release|Any CPU
		{45721825-3917-4FD0-B10A-FF35EB41E110}.Release|Any CPU.Build.0 = Release|Any CPU
		{051E64DC-0EE9-4A05-B870-CDE029918E2D}.Debug|Any CPU.ActiveCfg = Debug|Any CPU
		{051E64DC-0EE9-4A05-B870-CDE029918E2D}.Debug|Any CPU.Build.0 = Debug|Any CPU
		{051E64DC-0EE9-4A05-B870-CDE029918E2D}.Release|Any CPU.ActiveCfg = Release|Any CPU
		{051E64DC-0EE9-4A05-B870-CDE029918E2D}.Release|Any CPU.Build.0 = Release|Any CPU
		{11FAD178-87D0-4DF3-BA32-AE4247CB7E90}.Debug|Any CPU.ActiveCfg = Debug|Any CPU
		{11FAD178-87D0-4DF3-BA32-AE4247CB7E90}.Debug|Any CPU.Build.0 = Debug|Any CPU
		{11FAD178-87D0-4DF3-BA32-AE4247CB7E90}.Release|Any CPU.ActiveCfg = Release|Any CPU
		{11FAD178-87D0-4DF3-BA32-AE4247CB7E90}.Release|Any CPU.Build.0 = Release|Any CPU
	EndGlobalSection
	GlobalSection(SolutionProperties) = preSolution
		HideSolutionNode = FALSE
	EndGlobalSection
	GlobalSection(NestedProjects) = preSolution
		{B800CD0D-D8A9-4148-9CB0-935BD2C1112B} = {874EC205-CDB6-4592-B4FD-5FA2A17A7DCD}
		{E9C50036-0519-49AC-84D2-E2E3382F8926} = {00B11F61-25C0-43B7-A791-30863C71DCC3}
		{45721825-3917-4FD0-B10A-FF35EB41E110} = {874EC205-CDB6-4592-B4FD-5FA2A17A7DCD}
		{051E64DC-0EE9-4A05-B870-CDE029918E2D} = {874EC205-CDB6-4592-B4FD-5FA2A17A7DCD}
		{11FAD178-87D0-4DF3-BA32-AE4247CB7E90} = {874EC205-CDB6-4592-B4FD-5FA2A17A7DCD}
	EndGlobalSection
	GlobalSection(ExtensibilityGlobals) = postSolution
		SolutionGuid = {8470BDDC-3A53-49F4-B10D-CEADCF79A802}
	EndGlobalSection
EndGlobal
